{
  "pins" : [
    {
      "identity" : "rainbow",
      "kind" : "remoteSourceControl",
      "location" : "https://github.com/onevcat/Rainbow",
      "state" : {
        "revision" : "e0dada9cd44e3fa7ec3b867e49a8ddbf543e3df3",
        "version" : "4.0.1"
      }
    },
    {
      "identity" : "swift-http-client",
      "kind" : "remoteSourceControl",
      "location" : "https://github.com/uhooi/swift-http-client",
      "state" : {
        "revision" : "abee158d4edcc63583eb574ec64b43ebada1b070",
        "version" : "0.6.0"
      }
    }
  ],
  "version" : 2
}
